// !$*UTF8*$!
{
	archiveVersion = 1;
	classes = {
	};
	objectVersion = 50;
	objects = {

/* Begin PBXBuildFile section */
		C48AA96A255DD1C500BDF504 /* ExelFormulas.swift in Sources */ = {isa = PBXBuildFile; fileRef = C48AA969255DD1C500BDF504 /* ExelFormulas.swift */; };
		C4A03320255EA45500213087 /* screen3.png in Resources */ = {isa = PBXBuildFile; fileRef = C4A0331D255EA45500213087 /* screen3.png */; };
		C4A03321255EA45500213087 /* screen1.png in Resources */ = {isa = PBXBuildFile; fileRef = C4A0331E255EA45500213087 /* screen1.png */; };
		C4A03322255EA45500213087 /* screen2.png in Resources */ = {isa = PBXBuildFile; fileRef = C4A0331F255EA45500213087 /* screen2.png */; };
		C4DB2837255C941200D295D7 /* AppDelegate.swift in Sources */ = {isa = PBXBuildFile; fileRef = C4DB2836255C941200D295D7 /* AppDelegate.swift */; };
		C4DB2839255C941200D295D7 /* SceneDelegate.swift in Sources */ = {isa = PBXBuildFile; fileRef = C4DB2838255C941200D295D7 /* SceneDelegate.swift */; };
		C4DB283B255C941200D295D7 /* ViewController.swift in Sources */ = {isa = PBXBuildFile; fileRef = C4DB283A255C941200D295D7 /* ViewController.swift */; };
		C4DB283E255C941200D295D7 /* Main.storyboard in Resources */ = {isa = PBXBuildFile; fileRef = C4DB283C255C941200D295D7 /* Main.storyboard */; };
		C4DB2840255C941600D295D7 /* Assets.xcassets in Resources */ = {isa = PBXBuildFile; fileRef = C4DB283F255C941600D295D7 /* Assets.xcassets */; };
		C4DB2843255C941600D295D7 /* LaunchScreen.storyboard in Resources */ = {isa = PBXBuildFile; fileRef = C4DB2841255C941600D295D7 /* LaunchScreen.storyboard */; };
/* End PBXBuildFile section */

/* Begin PBXFileReference section */
		C48AA969255DD1C500BDF504 /* ExelFormulas.swift */ = {isa = PBXFileReference; lastKnownFileType = sourcecode.swift; path = ExelFormulas.swift; sourceTree = "<group>"; };
		C4A0331D255EA45500213087 /* screen3.png */ = {isa = PBXFileReference; lastKnownFileType = image.png; name = screen3.png; path = ../../../../../Desktop/screen3.png; sourceTree = "<group>"; };
		C4A0331E255EA45500213087 /* screen1.png */ = {isa = PBXFileReference; lastKnownFileType = image.png; name = screen1.png; path = ../../../../../Desktop/screen1.png; sourceTree = "<group>"; };
		C4A0331F255EA45500213087 /* screen2.png */ = {isa = PBXFileReference; lastKnownFileType = image.png; name = screen2.png; path = ../../../../../Desktop/screen2.png; sourceTree = "<group>"; };
		C4DB2833255C941200D295D7 /* BankingApp.app */ = {isa = PBXFileReference; explicitFileType = wrapper.application; includeInIndex = 0; path = BankingApp.app; sourceTree = BUILT_PRODUCTS_DIR; };
		C4DB2836255C941200D295D7 /* AppDelegate.swift */ = {isa = PBXFileReference; lastKnownFileType = sourcecode.swift; path = AppDelegate.swift; sourceTree = "<group>"; };
		C4DB2838255C941200D295D7 /* SceneDelegate.swift */ = {isa = PBXFileReference; lastKnownFileType = sourcecode.swift; path = SceneDelegate.swift; sourceTree = "<group>"; };
		C4DB283A255C941200D295D7 /* ViewController.swift */ = {isa = PBXFileReference; lastKnownFileType = sourcecode.swift; path = ViewController.swift; sourceTree = "<group>"; };
		C4DB283D255C941200D295D7 /* Base */ = {isa = PBXFileReference; lastKnownFileType = file.storyboard; name = Base; path = Base.lproj/Main.storyboard; sourceTree = "<group>"; };
		C4DB283F255C941600D295D7 /* Assets.xcassets */ = {isa = PBXFileReference; lastKnownFileType = folder.assetcatalog; path = Assets.xcassets; sourceTree = "<group>"; };
		C4DB2842255C941600D295D7 /* Base */ = {isa = PBXFileReference; lastKnownFileType = file.storyboard; name = Base; path = Base.lproj/LaunchScreen.storyboard; sourceTree = "<group>"; };
		C4DB2844255C941600D295D7 /* Info.plist */ = {isa = PBXFileReference; lastKnownFileType = text.plist.xml; path = Info.plist; sourceTree = "<group>"; };
/* End PBXFileReference section */

/* Begin PBXFrameworksBuildPhase section */
		C4DB2830255C941200D295D7 /* Frameworks */ = {
			isa = PBXFrameworksBuildPhase;
			buildActionMask = 2147483647;
			files = (
			);
			runOnlyForDeploymentPostprocessing = 0;
		};
/* End PBXFrameworksBuildPhase section */

/* Begin PBXGroup section */
		C4A0331C255EA3E800213087 /* Screenshots */ = {
			isa = PBXGroup;
			children = (
				C4A0331E255EA45500213087 /* screen1.png */,
				C4A0331F255EA45500213087 /* screen2.png */,
				C4A0331D255EA45500213087 /* screen3.png */,
			);
			path = Screenshots;
			sourceTree = "<group>";
		};
		C4DB282A255C941200D295D7 = {
			isa = PBXGroup;
			children = (
				C4A0331C255EA3E800213087 /* Screenshots */,
				C4DB2835255C941200D295D7 /* BankingApp */,
				C4DB2834255C941200D295D7 /* Products */,
			);
			sourceTree = "<group>";
		};
		C4DB2834255C941200D295D7 /* Products */ = {
			isa = PBXGroup;
			children = (
				C4DB2833255C941200D295D7 /* BankingApp.app */,
			);
			name = Products;
			sourceTree = "<group>";
		};
		C4DB2835255C941200D295D7 /* BankingApp */ = {
			isa = PBXGroup;
			children = (
				C4DB2836255C941200D295D7 /* AppDelegate.swift */,
				C4DB2838255C941200D295D7 /* SceneDelegate.swift */,
				C4DB283A255C941200D295D7 /* ViewController.swift */,
				C4DB283C255C941200D295D7 /* Main.storyboard */,
				C4DB283F255C941600D295D7 /* Assets.xcassets */,
				C4DB2841255C941600D295D7 /* LaunchScreen.storyboard */,
				C4DB2844255C941600D295D7 /* Info.plist */,
				C48AA969255DD1C500BDF504 /* ExelFormulas.swift */,
			);
			path = BankingApp;
			sourceTree = "<group>";
		};
/* End PBXGroup section */

/* Begin PBXNativeTarget section */
		C4DB2832255C941200D295D7 /* BankingApp */ = {
			isa = PBXNativeTarget;
			buildConfigurationList = C4DB2847255C941600D295D7 /* Build configuration list for PBXNativeTarget "BankingApp" */;
			buildPhases = (
				C4DB282F255C941200D295D7 /* Sources */,
				C4DB2830255C941200D295D7 /* Frameworks */,
				C4DB2831255C941200D295D7 /* Resources */,
			);
			buildRules = (
			);
			dependencies = (
			);
			name = BankingApp;
			productName = BankingApp;
			productReference = C4DB2833255C941200D295D7 /* BankingApp.app */;
			productType = "com.apple.product-type.application";
		};
/* End PBXNativeTarget section */

/* Begin PBXProject section */
		C4DB282B255C941200D295D7 /* Project object */ = {
			isa = PBXProject;
			attributes = {
				LastSwiftUpdateCheck = 1200;
				LastUpgradeCheck = 1200;
				TargetAttributes = {
					C4DB2832255C941200D295D7 = {
						CreatedOnToolsVersion = 12.0;
					};
				};
			};
			buildConfigurationList = C4DB282E255C941200D295D7 /* Build configuration list for PBXProject "BankingApp" */;
			compatibilityVersion = "Xcode 9.3";
			developmentRegion = en;
			hasScannedForEncodings = 0;
			knownRegions = (
				en,
				Base,
			);
			mainGroup = C4DB282A255C941200D295D7;
			productRefGroup = C4DB2834255C941200D295D7 /* Products */;
			projectDirPath = "";
			projectRoot = "";
			targets = (
				C4DB2832255C941200D295D7 /* BankingApp */,
			);
		};
/* End PBXProject section */

/* Begin PBXResourcesBuildPhase section */
		C4DB2831255C941200D295D7 /* Resources */ = {
			isa = PBXResourcesBuildPhase;
			buildActionMask = 2147483647;
			files = (
				C4DB2843255C941600D295D7 /* LaunchScreen.storyboard in Resources */,
				C4A03320255EA45500213087 /* screen3.png in Resources */,
				C4DB2840255C941600D295D7 /* Assets.xcassets in Resources */,
				C4A03321255EA45500213087 /* screen1.png in Resources */,
				C4A03322255EA45500213087 /* screen2.png in Resources */,
				C4DB283E255C941200D295D7 /* Main.storyboard in Resources */,
			);
			runOnlyForDeploymentPostprocessing = 0;
		};
/* End PBXResourcesBuildPhase section */

/* Begin PBXSourcesBuildPhase section */
		C4DB282F255C941200D295D7 /* Sources */ = {
			isa = PBXSourcesBuildPhase;
			buildActionMask = 2147483647;
			files = (
				C48AA96A255DD1C500BDF504 /* ExelFormulas.swift in Sources */,
				C4DB283B255C941200D295D7 /* ViewController.swift in Sources */,
				C4DB2837255C941200D295D7 /* AppDelegate.swift in Sources */,
				C4DB2839255C941200D295D7 /* SceneDelegate.swift in Sources */,
			);
			runOnlyForDeploymentPostprocessing = 0;
		};
/* End PBXSourcesBuildPhase section */

/* Begin PBXVariantGroup section */
		C4DB283C255C941200D295D7 /* Main.storyboard */ = {
			isa = PBXVariantGroup;
			children = (
				C4DB283D255C941200D295D7 /* Base */,
			);
			name = Main.storyboard;
			sourceTree = "<group>";
		};
		C4DB2841255C941600D295D7 /* LaunchScreen.storyboard */ = {
			isa = PBXVariantGroup;
			children = (
				C4DB2842255C941600D295D7 /* Base */,
			);
			name = LaunchScreen.storyboard;
			sourceTree = "<group>";
		};
/* End PBXVariantGroup section */

/* Begin XCBuildConfiguration section */
		C4DB2845255C941600D295D7 /* Debug */ = {
			isa = XCBuildConfiguration;
			buildSettings = {
				ALWAYS_SEARCH_USER_PATHS = NO;
				CLANG_ANALYZER_NONNULL = YES;
				CLANG_ANALYZER_NUMBER_OBJECT_CONVERSION = YES_AGGRESSIVE;
				CLANG_CXX_LANGUAGE_STANDARD = "gnu++14";
				CLANG_CXX_LIBRARY = "libc++";
				CLANG_ENABLE_MODULES = YES;
				CLANG_ENABLE_OBJC_ARC = YES;
				CLANG_ENABLE_OBJC_WEAK = YES;
				CLANG_WARN_BLOCK_CAPTURE_AUTORELEASING = YES;
				CLANG_WARN_BOOL_CONVERSION = YES;
				CLANG_WARN_COMMA = YES;
				CLANG_WARN_CONSTANT_CONVERSION = YES;
				CLANG_WARN_DEPRECATED_OBJC_IMPLEMENTATIONS = YES;
				CLANG_WARN_DIRECT_OBJC_ISA_USAGE = YES_ERROR;
				CLANG_WARN_DOCUMENTATION_COMMENTS = YES;
				CLANG_WARN_EMPTY_BODY = YES;
				CLANG_WARN_ENUM_CONVERSION = YES;
				CLANG_WARN_INFINITE_RECURSION = YES;
				CLANG_WARN_INT_CONVERSION = YES;
				CLANG_WARN_NON_LITERAL_NULL_CONVERSION = YES;
				CLANG_WARN_OBJC_IMPLICIT_RETAIN_SELF = YES;
				CLANG_WARN_OBJC_LITERAL_CONVERSION = YES;
				CLANG_WARN_OBJC_ROOT_CLASS = YES_ERROR;
				CLANG_WARN_QUOTED_INCLUDE_IN_FRAMEWORK_HEADER = YES;
				CLANG_WARN_RANGE_LOOP_ANALYSIS = YES;
				CLANG_WARN_STRICT_PROTOTYPES = YES;
				CLANG_WARN_SUSPICIOUS_MOVE = YES;
				CLANG_WARN_UNGUARDED_AVAILABILITY = YES_AGGRESSIVE;
				CLANG_WARN_UNREACHABLE_CODE = YES;
				CLANG_WARN__DUPLICATE_METHOD_MATCH = YES;
				COPY_PHASE_STRIP = NO;
				DEBUG_INFORMATION_FORMAT = dwarf;
				ENABLE_STRICT_OBJC_MSGSEND = YES;
				ENABLE_TESTABILITY = YES;
				GCC_C_LANGUAGE_STANDARD = gnu11;
				GCC_DYNAMIC_NO_PIC = NO;
				GCC_NO_COMMON_BLOCKS = YES;
				GCC_OPTIMIZATION_LEVEL = 0;
				GCC_PREPROCESSOR_DEFINITIONS = (
					"DEBUG=1",
					"$(inherited)",
				);
				GCC_WARN_64_TO_32_BIT_CONVERSION = YES;
				GCC_WARN_ABOUT_RETURN_TYPE = YES_ERROR;
				GCC_WARN_UNDECLARED_SELECTOR = YES;
				GCC_WARN_UNINITIALIZED_AUTOS = YES_AGGRESSIVE;
				GCC_WARN_UNUSED_FUNCTION = YES;
				GCC_WARN_UNUSED_VARIABLE = YES;
				IPHONEOS_DEPLOYMENT_TARGET = 14.0;
				MTL_ENABLE_DEBUG_INFO = INCLUDE_SOURCE;
				MTL_FAST_MATH = YES;
				ONLY_ACTIVE_ARCH = YES;
				SDKROOT = iphoneos;
				SWIFT_ACTIVE_COMPILATION_CONDITIONS = DEBUG;
				SWIFT_OPTIMIZATION_LEVEL = "-Onone";
			};
			name = Debug;
		};
		C4DB2846255C941600D295D7 /* Release */ = {
			isa = XCBuildConfiguration;
			buildSettings = {
				ALWAYS_SEARCH_USER_PATHS = NO;
				CLANG_ANALYZER_NONNULL = YES;
				CLANG_ANALYZER_NUMBER_OBJECT_CONVERSION = YES_AGGRESSIVE;
				CLANG_CXX_LANGUAGE_STANDARD = "gnu++14";
				CLANG_CXX_LIBRARY = "libc++";
				CLANG_ENABLE_MODULES = YES;
				CLANG_ENABLE_OBJC_ARC = YES;
				CLANG_ENABLE_OBJC_WEAK = YES;
				CLANG_WARN_BLOCK_CAPTURE_AUTORELEASING = YES;
				CLANG_WARN_BOOL_CONVERSION = YES;
				CLANG_WARN_COMMA = YES;
				CLANG_WARN_CONSTANT_CONVERSION = YES;
				CLANG_WARN_DEPRECATED_OBJC_IMPLEMENTATIONS = YES;
				CLANG_WARN_DIRECT_OBJC_ISA_USAGE = YES_ERROR;
				CLANG_WARN_DOCUMENTATION_COMMENTS = YES;
				CLANG_WARN_EMPTY_BODY = YES;
				CLANG_WARN_ENUM_CONVERSION = YES;
				CLANG_WARN_INFINITE_RECURSION = YES;
				CLANG_WARN_INT_CONVERSION = YES;
				CLANG_WARN_NON_LITERAL_NULL_CONVERSION = YES;
				CLANG_WARN_OBJC_IMPLICIT_RETAIN_SELF = YES;
				CLANG_WARN_OBJC_LITERAL_CONVERSION = YES;
				CLANG_WARN_OBJC_ROOT_CLASS = YES_ERROR;
				CLANG_WARN_QUOTED_INCLUDE_IN_FRAMEWORK_HEADER = YES;
				CLANG_WARN_RANGE_LOOP_ANALYSIS = YES;
				CLANG_WARN_STRICT_PROTOTYPES = YES;
				CLANG_WARN_SUSPICIOUS_MOVE = YES;
				CLANG_WARN_UNGUARDED_AVAILABILITY = YES_AGGRESSIVE;
				CLANG_WARN_UNREACHABLE_CODE = YES;
				CLANG_WARN__DUPLICATE_METHOD_MATCH = YES;
				COPY_PHASE_STRIP = NO;
				DEBUG_INFORMATION_FORMAT = "dwarf-with-dsym";
				ENABLE_NS_ASSERTIONS = NO;
				ENABLE_STRICT_OBJC_MSGSEND = YES;
				GCC_C_LANGUAGE_STANDARD = gnu11;
				GCC_NO_COMMON_BLOCKS = YES;
				GCC_WARN_64_TO_32_BIT_CONVERSION = YES;
				GCC_WARN_ABOUT_RETURN_TYPE = YES_ERROR;
				GCC_WARN_UNDECLARED_SELECTOR = YES;
				GCC_WARN_UNINITIALIZED_AUTOS = YES_AGGRESSIVE;
				GCC_WARN_UNUSED_FUNCTION = YES;
				GCC_WARN_UNUSED_VARIABLE = YES;
				IPHONEOS_DEPLOYMENT_TARGET = 14.0;
				MTL_ENABLE_DEBUG_INFO = NO;
				MTL_FAST_MATH = YES;
				SDKROOT = iphoneos;
				SWIFT_COMPILATION_MODE = wholemodule;
				SWIFT_OPTIMIZATION_LEVEL = "-O";
				VALIDATE_PRODUCT = YES;
			};
			name = Release;
		};
		C4DB2848255C941600D295D7 /* Debug */ = {
			isa = XCBuildConfiguration;
			buildSettings = {
				ASSETCATALOG_COMPILER_APPICON_NAME = AppIcon;
				ASSETCATALOG_COMPILER_GLOBAL_ACCENT_COLOR_NAME = AccentColor;
				CODE_SIGN_STYLE = Automatic;
				DEVELOPMENT_TEAM = N8L8Z2D4U8;
				INFOPLIST_FILE = BankingApp/Info.plist;
				LD_RUNPATH_SEARCH_PATHS = (
					"$(inherited)",
					"@executable_path/Frameworks",
				);
				PRODUCT_BUNDLE_IDENTIFIER = "D-B.BankingApp";
				PRODUCT_NAME = "$(TARGET_NAME)";
				SWIFT_VERSION = 5.0;
				TARGETED_DEVICE_FAMILY = "1,2";
			};
			name = Debug;
		};
		C4DB2849255C941600D295D7 /* Release */ = {
			isa = XCBuildConfiguration;
			buildSettings = {
				ASSETCATALOG_COMPILER_APPICON_NAME = AppIcon;
				ASSETCATALOG_COMPILER_GLOBAL_ACCENT_COLOR_NAME = AccentColor;
				CODE_SIGN_STYLE = Automatic;
				DEVELOPMENT_TEAM = N8L8Z2D4U8;
				INFOPLIST_FILE = BankingApp/Info.plist;
				LD_RUNPATH_SEARCH_PATHS = (
					"$(inherited)",
					"@executable_path/Frameworks",
				);
				PRODUCT_BUNDLE_IDENTIFIER = "D-B.BankingApp";
				PRODUCT_NAME = "$(TARGET_NAME)";
				SWIFT_VERSION = 5.0;
				TARGETED_DEVICE_FAMILY = "1,2";
			};
			name = Release;
		};
/* End XCBuildConfiguration section */

/* Begin XCConfigurationList section */
		C4DB282E255C941200D295D7 /* Build configuration list for PBXProject "BankingApp" */ = {
			isa = XCConfigurationList;
			buildConfigurations = (
				C4DB2845255C941600D295D7 /* Debug */,
				C4DB2846255C941600D295D7 /* Release */,
			);
			defaultConfigurationIsVisible = 0;
			defaultConfigurationName = Release;
		};
		C4DB2847255C941600D295D7 /* Build configuration list for PBXNativeTarget "BankingApp" */ = {
			isa = XCConfigurationList;
			buildConfigurations = (
				C4DB2848255C941600D295D7 /* Debug */,
				C4DB2849255C941600D295D7 /* Release */,
			);
			defaultConfigurationIsVisible = 0;
			defaultConfigurationName = Release;
		};
/* End XCConfigurationList section */
	};
	rootObject = C4DB282B255C941200D295D7 /* Project object */;
}
